
Microsoft Visual Studio Solution File, Format Version 12.00
# Visual Studio Version 17
VisualStudioVersion = 17.8.34322.80
MinimumVisualStudioVersion = 10.0.40219.1
Project("{FAE04EC0-301F-11D3-BF4B-00C04F79EFBC}") = "Syllabicator", "Syllabicator\Syllabicator.csproj", "{22B7A73D-F9AB-489F-99D2-4B3E2AE7979A}"
EndProject
Global
	GlobalSection(SolutionConfigurationPlatforms) = preSolution
		Debug|Any CPU = Debug|Any CPU
		Release|Any CPU = Release|Any CPU
	EndGlobalSection
	GlobalSection(ProjectConfigurationPlatforms) = postSolution
		{22B7A73D-F9AB-489F-99D2-4B3E2AE7979A}.Debug|Any CPU.ActiveCfg = Debug|Any CPU
		{22B7A73D-F9AB-489F-99D2-4B3E2AE7979A}.Debug|Any CPU.Build.0 = Debug|Any CPU
		{22B7A73D-F9AB-489F-99D2-4B3E2AE7979A}.Release|Any CPU.ActiveCfg = Release|Any CPU
		{22B7A73D-F9AB-489F-99D2-4B3E2AE7979A}.Release|Any CPU.Build.0 = Release|Any CPU
	EndGlobalSection
	GlobalSection(SolutionProperties) = preSolution
		HideSolutionNode = FALSE
	EndGlobalSection
	GlobalSection(ExtensibilityGlobals) = postSolution
		SolutionGuid = {90995458-8DE7-403F-8EA2-1378E09CD18A}
	EndGlobalSection
EndGlobal
